
Microsoft Visual Studio Solution File, Format Version 12.00
# Visual Studio Version 16
VisualStudioVersion = 16.0.29709.97
MinimumVisualStudioVersion = 10.0.40219.1
Project("{FAE04EC0-301F-11D3-BF4B-00C04F79EFBC}") = "WinService", "WinService.csproj", "{8319446F-BBC3-4FF4-B860-516FECCC979B}"
EndProject
Global
	GlobalSection(SolutionConfigurationPlatforms) = preSolution
		Debug|Any CPU = Debug|Any CPU
		Release|Any CPU = Release|Any CPU
	EndGlobalSection
	GlobalSection(ProjectConfigurationPlatforms) = postSolution
		{8319446F-BBC3-4FF4-B860-516FECCC979B}.Debug|Any CPU.ActiveCfg = Debug|Any CPU
		{8319446F-BBC3-4FF4-B860-516FECCC979B}.Debug|Any CPU.Build.0 = Debug|Any CPU
		{8319446F-BBC3-4FF4-B860-516FECCC979B}.Release|Any CPU.ActiveCfg = Release|Any CPU
		{8319446F-BBC3-4FF4-B860-516FECCC979B}.Release|Any CPU.Build.0 = Release|Any CPU
	EndGlobalSection
	GlobalSection(SolutionProperties) = preSolution
		HideSolutionNode = FALSE
	EndGlobalSection
	GlobalSection(ExtensibilityGlobals) = postSolution
		SolutionGuid = {9008FA8D-4990-4268-BC69-530A1ABAAE9E}
	EndGlobalSection
EndGlobal
