
Microsoft Visual Studio Solution File, Format Version 12.00
# Visual Studio Version 16
VisualStudioVersion = 16.0.29709.97
MinimumVisualStudioVersion = 10.0.40219.1
Project("{9A19103F-16F7-4668-BE54-9A1E7A4F7556}") = "MediatorCore", "MediatorCore\MediatorCore.csproj", "{DE5A4337-F003-4EE8-BA14-C12D0014AE94}"
	ProjectSection(ProjectDependencies) = postProject
		{E174AB36-700E-433E-BE70-826EDA57575A} = {E174AB36-700E-433E-BE70-826EDA57575A}
		{3724A9C5-01C7-44C8-A5EA-E76F99192BF5} = {3724A9C5-01C7-44C8-A5EA-E76F99192BF5}
		{BC2F5DD4-06CA-4535-BE0F-9DF11CF61B27} = {BC2F5DD4-06CA-4535-BE0F-9DF11CF61B27}
	EndProjectSection
EndProject
Project("{9A19103F-16F7-4668-BE54-9A1E7A4F7556}") = "MediatorLib", "MediatorLib\MediatorLib.csproj", "{292FEE4B-E5EC-4089-B13A-FDE8EE7CB10E}"
EndProject
Project("{9A19103F-16F7-4668-BE54-9A1E7A4F7556}") = "Module_IO", "Module_IO\Module_IO.csproj", "{BC2F5DD4-06CA-4535-BE0F-9DF11CF61B27}"
EndProject
Project("{9A19103F-16F7-4668-BE54-9A1E7A4F7556}") = "Module_Dashboard", "Module_Dashboard\Module_Dashboard.csproj", "{3724A9C5-01C7-44C8-A5EA-E76F99192BF5}"
EndProject
Project("{9A19103F-16F7-4668-BE54-9A1E7A4F7556}") = "Module_EventLog", "Module_EventLog\Module_EventLog.csproj", "{E174AB36-700E-433E-BE70-826EDA57575A}"
EndProject
Project("{9A19103F-16F7-4668-BE54-9A1E7A4F7556}") = "Module_Calc", "Module_Calc\Module_Calc.csproj", "{C00671C7-9609-47A5-BFF4-000B52C7ABE6}"
EndProject
Project("{9A19103F-16F7-4668-BE54-9A1E7A4F7556}") = "MediatorLib_Test", "MediatorLib_Test\MediatorLib_Test.csproj", "{15595242-D743-4C80-BBDE-E987E0D87DCD}"
EndProject
Global
	GlobalSection(SolutionConfigurationPlatforms) = preSolution
		Debug|Any CPU = Debug|Any CPU
		Release|Any CPU = Release|Any CPU
	EndGlobalSection
	GlobalSection(ProjectConfigurationPlatforms) = postSolution
		{DE5A4337-F003-4EE8-BA14-C12D0014AE94}.Debug|Any CPU.ActiveCfg = Debug|Any CPU
		{DE5A4337-F003-4EE8-BA14-C12D0014AE94}.Debug|Any CPU.Build.0 = Debug|Any CPU
		{DE5A4337-F003-4EE8-BA14-C12D0014AE94}.Release|Any CPU.ActiveCfg = Release|Any CPU
		{DE5A4337-F003-4EE8-BA14-C12D0014AE94}.Release|Any CPU.Build.0 = Release|Any CPU
		{292FEE4B-E5EC-4089-B13A-FDE8EE7CB10E}.Debug|Any CPU.ActiveCfg = Debug|Any CPU
		{292FEE4B-E5EC-4089-B13A-FDE8EE7CB10E}.Debug|Any CPU.Build.0 = Debug|Any CPU
		{292FEE4B-E5EC-4089-B13A-FDE8EE7CB10E}.Release|Any CPU.ActiveCfg = Release|Any CPU
		{292FEE4B-E5EC-4089-B13A-FDE8EE7CB10E}.Release|Any CPU.Build.0 = Release|Any CPU
		{BC2F5DD4-06CA-4535-BE0F-9DF11CF61B27}.Debug|Any CPU.ActiveCfg = Debug|Any CPU
		{BC2F5DD4-06CA-4535-BE0F-9DF11CF61B27}.Debug|Any CPU.Build.0 = Debug|Any CPU
		{BC2F5DD4-06CA-4535-BE0F-9DF11CF61B27}.Release|Any CPU.ActiveCfg = Release|Any CPU
		{BC2F5DD4-06CA-4535-BE0F-9DF11CF61B27}.Release|Any CPU.Build.0 = Release|Any CPU
		{3724A9C5-01C7-44C8-A5EA-E76F99192BF5}.Debug|Any CPU.ActiveCfg = Debug|Any CPU
		{3724A9C5-01C7-44C8-A5EA-E76F99192BF5}.Debug|Any CPU.Build.0 = Debug|Any CPU
		{3724A9C5-01C7-44C8-A5EA-E76F99192BF5}.Release|Any CPU.ActiveCfg = Release|Any CPU
		{3724A9C5-01C7-44C8-A5EA-E76F99192BF5}.Release|Any CPU.Build.0 = Release|Any CPU
		{E174AB36-700E-433E-BE70-826EDA57575A}.Debug|Any CPU.ActiveCfg = Debug|Any CPU
		{E174AB36-700E-433E-BE70-826EDA57575A}.Debug|Any CPU.Build.0 = Debug|Any CPU
		{E174AB36-700E-433E-BE70-826EDA57575A}.Release|Any CPU.ActiveCfg = Release|Any CPU
		{E174AB36-700E-433E-BE70-826EDA57575A}.Release|Any CPU.Build.0 = Release|Any CPU
		{C00671C7-9609-47A5-BFF4-000B52C7ABE6}.Debug|Any CPU.ActiveCfg = Debug|Any CPU
		{C00671C7-9609-47A5-BFF4-000B52C7ABE6}.Debug|Any CPU.Build.0 = Debug|Any CPU
		{C00671C7-9609-47A5-BFF4-000B52C7ABE6}.Release|Any CPU.ActiveCfg = Release|Any CPU
		{C00671C7-9609-47A5-BFF4-000B52C7ABE6}.Release|Any CPU.Build.0 = Release|Any CPU
		{15595242-D743-4C80-BBDE-E987E0D87DCD}.Debug|Any CPU.ActiveCfg = Debug|Any CPU
		{15595242-D743-4C80-BBDE-E987E0D87DCD}.Debug|Any CPU.Build.0 = Debug|Any CPU
		{15595242-D743-4C80-BBDE-E987E0D87DCD}.Release|Any CPU.ActiveCfg = Release|Any CPU
		{15595242-D743-4C80-BBDE-E987E0D87DCD}.Release|Any CPU.Build.0 = Release|Any CPU
	EndGlobalSection
	GlobalSection(SolutionProperties) = preSolution
		HideSolutionNode = FALSE
	EndGlobalSection
	GlobalSection(ExtensibilityGlobals) = postSolution
		SolutionGuid = {2737791E-9349-489C-9D7A-ACBEE60AB795}
	EndGlobalSection
EndGlobal
