
Microsoft Visual Studio Solution File, Format Version 12.00
# Visual Studio Version 17
VisualStudioVersion = 17.0.31903.59
MinimumVisualStudioVersion = 10.0.40219.1
Project("{FAE04EC0-301F-11D3-BF4B-00C04F79EFBC}") = "PublishFAST", "PublishFAST.csproj", "{CEA329C6-73D2-4F00-8AD2-39F74162A681}"
EndProject
Global
	GlobalSection(SolutionConfigurationPlatforms) = preSolution
		Debug|Any CPU = Debug|Any CPU
		Release|Any CPU = Release|Any CPU
	EndGlobalSection
	GlobalSection(SolutionProperties) = preSolution
		HideSolutionNode = FALSE
	EndGlobalSection
	GlobalSection(ProjectConfigurationPlatforms) = postSolution
		{CEA329C6-73D2-4F00-8AD2-39F74162A681}.Debug|Any CPU.ActiveCfg = Debug|Any CPU
		{CEA329C6-73D2-4F00-8AD2-39F74162A681}.Debug|Any CPU.Build.0 = Debug|Any CPU
		{CEA329C6-73D2-4F00-8AD2-39F74162A681}.Release|Any CPU.ActiveCfg = Release|Any CPU
		{CEA329C6-73D2-4F00-8AD2-39F74162A681}.Release|Any CPU.Build.0 = Release|Any CPU
	EndGlobalSection
EndGlobal
